
Microsoft Visual Studio Solution File, Format Version 12.00
# Visual Studio 2012
Project("{FAE04EC0-301F-11D3-BF4B-00C04F79EFBC}") = "imagenes", "imagenes\imagenes.csproj", "{53107B80-3F9D-4785-BCE0-D72ACA1EEAB3}"
EndProject
Global
	GlobalSection(SolutionConfigurationPlatforms) = preSolution
		Debug|Any CPU = Debug|Any CPU
		Release|Any CPU = Release|Any CPU
	EndGlobalSection
	GlobalSection(ProjectConfigurationPlatforms) = postSolution
		{53107B80-3F9D-4785-BCE0-D72ACA1EEAB3}.Debug|Any CPU.ActiveCfg = Debug|Any CPU
		{53107B80-3F9D-4785-BCE0-D72ACA1EEAB3}.Debug|Any CPU.Build.0 = Debug|Any CPU
		{53107B80-3F9D-4785-BCE0-D72ACA1EEAB3}.Release|Any CPU.ActiveCfg = Release|Any CPU
		{53107B80-3F9D-4785-BCE0-D72ACA1EEAB3}.Release|Any CPU.Build.0 = Release|Any CPU
	EndGlobalSection
	GlobalSection(SolutionProperties) = preSolution
		HideSolutionNode = FALSE
	EndGlobalSection
EndGlobal
